
Microsoft Visual Studio Solution File, Format Version 12.00
# Visual Studio 15
VisualStudioVersion = 15.0.27004.2002
MinimumVisualStudioVersion = 10.0.40219.1
Project("{F184B08F-C81C-45F6-A57F-5ABD9991F28F}") = "PkvVsGkv", "PkvVsGkv\PkvVsGkv.vbproj", "{C631453A-4EC0-4744-8927-1360065F4517}"
EndProject
Global
	GlobalSection(SolutionConfigurationPlatforms) = preSolution
		Debug|Any CPU = Debug|Any CPU
		Release|Any CPU = Release|Any CPU
	EndGlobalSection
	GlobalSection(ProjectConfigurationPlatforms) = postSolution
		{C631453A-4EC0-4744-8927-1360065F4517}.Debug|Any CPU.ActiveCfg = Debug|Any CPU
		{C631453A-4EC0-4744-8927-1360065F4517}.Debug|Any CPU.Build.0 = Debug|Any CPU
		{C631453A-4EC0-4744-8927-1360065F4517}.Release|Any CPU.ActiveCfg = Release|Any CPU
		{C631453A-4EC0-4744-8927-1360065F4517}.Release|Any CPU.Build.0 = Release|Any CPU
	EndGlobalSection
	GlobalSection(SolutionProperties) = preSolution
		HideSolutionNode = FALSE
	EndGlobalSection
	GlobalSection(ExtensibilityGlobals) = postSolution
		SolutionGuid = {4EA6B8C9-4A11-4311-86C3-B4D2BA82EA2F}
	EndGlobalSection
EndGlobal
